
Microsoft Visual Studio Solution File, Format Version 12.00
# Visual Studio Version 17
VisualStudioVersion = 17.0.31903.59
MinimumVisualStudioVersion = 10.0.40219.1
Project("{FAE04EC0-301F-11D3-BF4B-00C04F79EFBC}") = "classExample", "classExample\classExample.csproj", "{28F68F46-67DA-4827-8C6A-0F53D78445F4}"
EndProject
Project("{FAE04EC0-301F-11D3-BF4B-00C04F79EFBC}") = "classLibrary1", "classLibrary1\classLibrary1.csproj", "{ABC51296-534D-439A-B366-920166DD0590}"
EndProject
Global
	GlobalSection(SolutionConfigurationPlatforms) = preSolution
		Debug|Any CPU = Debug|Any CPU
		Release|Any CPU = Release|Any CPU
	EndGlobalSection
	GlobalSection(SolutionProperties) = preSolution
		HideSolutionNode = FALSE
	EndGlobalSection
	GlobalSection(ProjectConfigurationPlatforms) = postSolution
		{28F68F46-67DA-4827-8C6A-0F53D78445F4}.Debug|Any CPU.ActiveCfg = Debug|Any CPU
		{28F68F46-67DA-4827-8C6A-0F53D78445F4}.Debug|Any CPU.Build.0 = Debug|Any CPU
		{28F68F46-67DA-4827-8C6A-0F53D78445F4}.Release|Any CPU.ActiveCfg = Release|Any CPU
		{28F68F46-67DA-4827-8C6A-0F53D78445F4}.Release|Any CPU.Build.0 = Release|Any CPU
		{ABC51296-534D-439A-B366-920166DD0590}.Debug|Any CPU.ActiveCfg = Debug|Any CPU
		{ABC51296-534D-439A-B366-920166DD0590}.Debug|Any CPU.Build.0 = Debug|Any CPU
		{ABC51296-534D-439A-B366-920166DD0590}.Release|Any CPU.ActiveCfg = Release|Any CPU
		{ABC51296-534D-439A-B366-920166DD0590}.Release|Any CPU.Build.0 = Release|Any CPU
	EndGlobalSection
EndGlobal
